{
	"name": "bifrost-calculator",
	"version": "1.0.0",
	"lockfileVersion": 2,
	"requires": true,
	"packages": {
		"": {
			"name": "bifrost-calculator",
			"version": "1.0.0",
			"dependencies": {
				"big.js": "^6.1.1"
			}
		},
		"node_modules/big.js": {
			"version": "6.1.1",
			"resolved": "https://registry.npmjs.org/big.js/-/big.js-6.1.1.tgz",
			"integrity": "sha512-1vObw81a8ylZO5ePrtMay0n018TcftpTA5HFKDaSuiUDBo8biRBtjIobw60OpwuvrGk+FsxKamqN4cnmj/eXdg==",
			"engines": {
				"node": "*"
			},
			"funding": {
				"type": "opencollective",
				"url": "https://opencollective.com/bigjs"
			}
		}
	},
	"dependencies": {
		"big.js": {
			"version": "6.1.1",
			"resolved": "https://registry.npmjs.org/big.js/-/big.js-6.1.1.tgz",
			"integrity": "sha512-1vObw81a8ylZO5ePrtMay0n018TcftpTA5HFKDaSuiUDBo8biRBtjIobw60OpwuvrGk+FsxKamqN4cnmj/eXdg=="
		}
	}
}
